
Microsoft Visual Studio Solution File, Format Version 12.00
# Visual Studio 15
VisualStudioVersion = 15.0.28010.2050
MinimumVisualStudioVersion = 10.0.40219.1
Project("{FAE04EC0-301F-11D3-BF4B-00C04F79EFBC}") = "Bi-Weekly Project 2", "Bi-Weekly Project 2\Bi-Weekly Project 2.csproj", "{C60654C8-D88B-4447-BF5C-DF6E947C0A32}"
EndProject
Global
	GlobalSection(SolutionConfigurationPlatforms) = preSolution
		Debug|Any CPU = Debug|Any CPU
		Release|Any CPU = Release|Any CPU
	EndGlobalSection
	GlobalSection(ProjectConfigurationPlatforms) = postSolution
		{C60654C8-D88B-4447-BF5C-DF6E947C0A32}.Debug|Any CPU.ActiveCfg = Debug|Any CPU
		{C60654C8-D88B-4447-BF5C-DF6E947C0A32}.Debug|Any CPU.Build.0 = Debug|Any CPU
		{C60654C8-D88B-4447-BF5C-DF6E947C0A32}.Release|Any CPU.ActiveCfg = Release|Any CPU
		{C60654C8-D88B-4447-BF5C-DF6E947C0A32}.Release|Any CPU.Build.0 = Release|Any CPU
	EndGlobalSection
	GlobalSection(SolutionProperties) = preSolution
		HideSolutionNode = FALSE
	EndGlobalSection
	GlobalSection(ExtensibilityGlobals) = postSolution
		SolutionGuid = {91370379-B34A-4106-B33A-994382837B0F}
	EndGlobalSection
EndGlobal
